
Microsoft Visual Studio Solution File, Format Version 12.00
# Visual Studio Version 17
VisualStudioVersion = 17.0.32112.339
MinimumVisualStudioVersion = 10.0.40219.1
Project("{FAE04EC0-301F-11D3-BF4B-00C04F79EFBC}") = "NewDockerProject", "NewDockerProject\NewDockerProject.csproj", "{6C35985F-35C5-47E3-BFCB-9DA66A141BD2}"
EndProject
Project("{E53339B2-1760-4266-BCC7-CA923CBCF16C}") = "docker-compose", "docker-compose.dcproj", "{FC686CC6-844C-4B20-A4A3-C02309E56A92}"
EndProject
Global
	GlobalSection(SolutionConfigurationPlatforms) = preSolution
		Debug|Any CPU = Debug|Any CPU
		Release|Any CPU = Release|Any CPU
	EndGlobalSection
	GlobalSection(ProjectConfigurationPlatforms) = postSolution
		{6C35985F-35C5-47E3-BFCB-9DA66A141BD2}.Debug|Any CPU.ActiveCfg = Debug|Any CPU
		{6C35985F-35C5-47E3-BFCB-9DA66A141BD2}.Debug|Any CPU.Build.0 = Debug|Any CPU
		{6C35985F-35C5-47E3-BFCB-9DA66A141BD2}.Release|Any CPU.ActiveCfg = Release|Any CPU
		{6C35985F-35C5-47E3-BFCB-9DA66A141BD2}.Release|Any CPU.Build.0 = Release|Any CPU
		{FC686CC6-844C-4B20-A4A3-C02309E56A92}.Debug|Any CPU.ActiveCfg = Debug|Any CPU
		{FC686CC6-844C-4B20-A4A3-C02309E56A92}.Debug|Any CPU.Build.0 = Debug|Any CPU
		{FC686CC6-844C-4B20-A4A3-C02309E56A92}.Release|Any CPU.ActiveCfg = Release|Any CPU
		{FC686CC6-844C-4B20-A4A3-C02309E56A92}.Release|Any CPU.Build.0 = Release|Any CPU
	EndGlobalSection
	GlobalSection(SolutionProperties) = preSolution
		HideSolutionNode = FALSE
	EndGlobalSection
	GlobalSection(ExtensibilityGlobals) = postSolution
		SolutionGuid = {F9FFEE07-67CC-4E95-B3BC-EEFB4F871900}
	EndGlobalSection
EndGlobal
